
Microsoft Visual Studio Solution File, Format Version 12.00
# Visual Studio 15
VisualStudioVersion = 15.0.26730.15
MinimumVisualStudioVersion = 10.0.40219.1
Project("{FAE04EC0-301F-11D3-BF4B-00C04F79EFBC}") = "MainGame", "MainGame\MainGame.csproj", "{F9047A69-93A4-4408-BD57-207CDF294818}"
	ProjectSection(ProjectDependencies) = postProject
		{47AB637F-3D27-4154-ABD9-A89F78DE8B9D} = {47AB637F-3D27-4154-ABD9-A89F78DE8B9D}
	EndProjectSection
EndProject
Project("{FAE04EC0-301F-11D3-BF4B-00C04F79EFBC}") = "VectorMath", "VectorMath\VectorMath.csproj", "{E28A40E7-8894-4524-B748-8F89E8014E30}"
EndProject
Project("{FAE04EC0-301F-11D3-BF4B-00C04F79EFBC}") = "HubSceene", "HubSceene\HubSceene.csproj", "{B6E0C030-09D0-453A-8229-851A2D3D4776}"
EndProject
Project("{FAE04EC0-301F-11D3-BF4B-00C04F79EFBC}") = "Contracts", "Contracts\Contracts.csproj", "{1B4E6F20-64F7-4912-BF4A-4CCDF2420CCC}"
EndProject
Project("{FAE04EC0-301F-11D3-BF4B-00C04F79EFBC}") = "MapDesigner", "MapDesigner\MapDesigner.csproj", "{BABC46EC-5F4A-4D77-864E-8FE151160C2B}"
EndProject
Project("{FAE04EC0-301F-11D3-BF4B-00C04F79EFBC}") = "Renderer", "Renderer\Renderer.csproj", "{47AB637F-3D27-4154-ABD9-A89F78DE8B9D}"
EndProject
Project("{FAE04EC0-301F-11D3-BF4B-00C04F79EFBC}") = "Terrain", "Terrain\Terrain.csproj", "{94AB4A7B-EC90-4BD8-9634-407E0BD15E1B}"
EndProject
Project("{FAE04EC0-301F-11D3-BF4B-00C04F79EFBC}") = "MainGame.UnitTests", "MainGame.UnitTests\MainGame.UnitTests.csproj", "{ABED9BB1-81BB-47EE-9825-C489D2870655}"
EndProject
Project("{FAE04EC0-301F-11D3-BF4B-00C04F79EFBC}") = "CraftingGame", "CraftingGame\CraftingGame.csproj", "{3E68E3BA-8697-4BE6-8722-F25256384EF5}"
EndProject
Project("{FAE04EC0-301F-11D3-BF4B-00C04F79EFBC}") = "TestNoise", "TestNoise\TestNoise.csproj", "{20E47F4F-DDB4-4EE5-B199-6F7B8B0F3C5C}"
EndProject
Global
	GlobalSection(SolutionConfigurationPlatforms) = preSolution
		Debug|Any CPU = Debug|Any CPU
		Debug|ARM = Debug|ARM
		Debug|x64 = Debug|x64
		Debug|x86 = Debug|x86
		Release|Any CPU = Release|Any CPU
		Release|ARM = Release|ARM
		Release|x64 = Release|x64
		Release|x86 = Release|x86
	EndGlobalSection
	GlobalSection(ProjectConfigurationPlatforms) = postSolution
		{F9047A69-93A4-4408-BD57-207CDF294818}.Debug|Any CPU.ActiveCfg = Debug|x86
		{F9047A69-93A4-4408-BD57-207CDF294818}.Debug|Any CPU.Build.0 = Debug|x86
		{F9047A69-93A4-4408-BD57-207CDF294818}.Debug|Any CPU.Deploy.0 = Debug|x86
		{F9047A69-93A4-4408-BD57-207CDF294818}.Debug|ARM.ActiveCfg = Debug|ARM
		{F9047A69-93A4-4408-BD57-207CDF294818}.Debug|ARM.Build.0 = Debug|ARM
		{F9047A69-93A4-4408-BD57-207CDF294818}.Debug|ARM.Deploy.0 = Debug|ARM
		{F9047A69-93A4-4408-BD57-207CDF294818}.Debug|x64.ActiveCfg = Debug|x64
		{F9047A69-93A4-4408-BD57-207CDF294818}.Debug|x64.Build.0 = Debug|x64
		{F9047A69-93A4-4408-BD57-207CDF294818}.Debug|x64.Deploy.0 = Debug|x64
		{F9047A69-93A4-4408-BD57-207CDF294818}.Debug|x86.ActiveCfg = Debug|x86
		{F9047A69-93A4-4408-BD57-207CDF294818}.Debug|x86.Build.0 = Debug|x86
		{F9047A69-93A4-4408-BD57-207CDF294818}.Debug|x86.Deploy.0 = Debug|x86
		{F9047A69-93A4-4408-BD57-207CDF294818}.Release|Any CPU.ActiveCfg = Release|x86
		{F9047A69-93A4-4408-BD57-207CDF294818}.Release|ARM.ActiveCfg = Release|ARM
		{F9047A69-93A4-4408-BD57-207CDF294818}.Release|ARM.Build.0 = Release|ARM
		{F9047A69-93A4-4408-BD57-207CDF294818}.Release|ARM.Deploy.0 = Release|ARM
		{F9047A69-93A4-4408-BD57-207CDF294818}.Release|x64.ActiveCfg = Release|x64
		{F9047A69-93A4-4408-BD57-207CDF294818}.Release|x64.Build.0 = Release|x64
		{F9047A69-93A4-4408-BD57-207CDF294818}.Release|x64.Deploy.0 = Release|x64
		{F9047A69-93A4-4408-BD57-207CDF294818}.Release|x86.ActiveCfg = Release|x86
		{F9047A69-93A4-4408-BD57-207CDF294818}.Release|x86.Build.0 = Release|x86
		{F9047A69-93A4-4408-BD57-207CDF294818}.Release|x86.Deploy.0 = Release|x86
		{E28A40E7-8894-4524-B748-8F89E8014E30}.Debug|Any CPU.ActiveCfg = Debug|Any CPU
		{E28A40E7-8894-4524-B748-8F89E8014E30}.Debug|Any CPU.Build.0 = Debug|Any CPU
		{E28A40E7-8894-4524-B748-8F89E8014E30}.Debug|ARM.ActiveCfg = Debug|Any CPU
		{E28A40E7-8894-4524-B748-8F89E8014E30}.Debug|ARM.Build.0 = Debug|Any CPU
		{E28A40E7-8894-4524-B748-8F89E8014E30}.Debug|x64.ActiveCfg = Debug|Any CPU
		{E28A40E7-8894-4524-B748-8F89E8014E30}.Debug|x64.Build.0 = Debug|Any CPU
		{E28A40E7-8894-4524-B748-8F89E8014E30}.Debug|x86.ActiveCfg = Debug|Any CPU
		{E28A40E7-8894-4524-B748-8F89E8014E30}.Debug|x86.Build.0 = Debug|Any CPU
		{E28A40E7-8894-4524-B748-8F89E8014E30}.Release|Any CPU.ActiveCfg = Release|Any CPU
		{E28A40E7-8894-4524-B748-8F89E8014E30}.Release|Any CPU.Build.0 = Release|Any CPU
		{E28A40E7-8894-4524-B748-8F89E8014E30}.Release|ARM.ActiveCfg = Release|Any CPU
		{E28A40E7-8894-4524-B748-8F89E8014E30}.Release|ARM.Build.0 = Release|Any CPU
		{E28A40E7-8894-4524-B748-8F89E8014E30}.Release|x64.ActiveCfg = Release|Any CPU
		{E28A40E7-8894-4524-B748-8F89E8014E30}.Release|x64.Build.0 = Release|Any CPU
		{E28A40E7-8894-4524-B748-8F89E8014E30}.Release|x86.ActiveCfg = Release|Any CPU
		{E28A40E7-8894-4524-B748-8F89E8014E30}.Release|x86.Build.0 = Release|Any CPU
		{B6E0C030-09D0-453A-8229-851A2D3D4776}.Debug|Any CPU.ActiveCfg = Debug|Any CPU
		{B6E0C030-09D0-453A-8229-851A2D3D4776}.Debug|Any CPU.Build.0 = Debug|Any CPU
		{B6E0C030-09D0-453A-8229-851A2D3D4776}.Debug|ARM.ActiveCfg = Debug|Any CPU
		{B6E0C030-09D0-453A-8229-851A2D3D4776}.Debug|ARM.Build.0 = Debug|Any CPU
		{B6E0C030-09D0-453A-8229-851A2D3D4776}.Debug|x64.ActiveCfg = Debug|Any CPU
		{B6E0C030-09D0-453A-8229-851A2D3D4776}.Debug|x64.Build.0 = Debug|Any CPU
		{B6E0C030-09D0-453A-8229-851A2D3D4776}.Debug|x86.ActiveCfg = Debug|Any CPU
		{B6E0C030-09D0-453A-8229-851A2D3D4776}.Debug|x86.Build.0 = Debug|Any CPU
		{B6E0C030-09D0-453A-8229-851A2D3D4776}.Release|Any CPU.ActiveCfg = Release|Any CPU
		{B6E0C030-09D0-453A-8229-851A2D3D4776}.Release|Any CPU.Build.0 = Release|Any CPU
		{B6E0C030-09D0-453A-8229-851A2D3D4776}.Release|ARM.ActiveCfg = Release|Any CPU
		{B6E0C030-09D0-453A-8229-851A2D3D4776}.Release|ARM.Build.0 = Release|Any CPU
		{B6E0C030-09D0-453A-8229-851A2D3D4776}.Release|x64.ActiveCfg = Release|Any CPU
		{B6E0C030-09D0-453A-8229-851A2D3D4776}.Release|x64.Build.0 = Release|Any CPU
		{B6E0C030-09D0-453A-8229-851A2D3D4776}.Release|x86.ActiveCfg = Release|Any CPU
		{B6E0C030-09D0-453A-8229-851A2D3D4776}.Release|x86.Build.0 = Release|Any CPU
		{1B4E6F20-64F7-4912-BF4A-4CCDF2420CCC}.Debug|Any CPU.ActiveCfg = Debug|Any CPU
		{1B4E6F20-64F7-4912-BF4A-4CCDF2420CCC}.Debug|Any CPU.Build.0 = Debug|Any CPU
		{1B4E6F20-64F7-4912-BF4A-4CCDF2420CCC}.Debug|ARM.ActiveCfg = Debug|Any CPU
		{1B4E6F20-64F7-4912-BF4A-4CCDF2420CCC}.Debug|ARM.Build.0 = Debug|Any CPU
		{1B4E6F20-64F7-4912-BF4A-4CCDF2420CCC}.Debug|x64.ActiveCfg = Debug|Any CPU
		{1B4E6F20-64F7-4912-BF4A-4CCDF2420CCC}.Debug|x64.Build.0 = Debug|Any CPU
		{1B4E6F20-64F7-4912-BF4A-4CCDF2420CCC}.Debug|x86.ActiveCfg = Debug|Any CPU
		{1B4E6F20-64F7-4912-BF4A-4CCDF2420CCC}.Debug|x86.Build.0 = Debug|Any CPU
		{1B4E6F20-64F7-4912-BF4A-4CCDF2420CCC}.Release|Any CPU.ActiveCfg = Release|Any CPU
		{1B4E6F20-64F7-4912-BF4A-4CCDF2420CCC}.Release|Any CPU.Build.0 = Release|Any CPU
		{1B4E6F20-64F7-4912-BF4A-4CCDF2420CCC}.Release|ARM.ActiveCfg = Release|Any CPU
		{1B4E6F20-64F7-4912-BF4A-4CCDF2420CCC}.Release|ARM.Build.0 = Release|Any CPU
		{1B4E6F20-64F7-4912-BF4A-4CCDF2420CCC}.Release|x64.ActiveCfg = Release|Any CPU
		{1B4E6F20-64F7-4912-BF4A-4CCDF2420CCC}.Release|x64.Build.0 = Release|Any CPU
		{1B4E6F20-64F7-4912-BF4A-4CCDF2420CCC}.Release|x86.ActiveCfg = Release|Any CPU
		{1B4E6F20-64F7-4912-BF4A-4CCDF2420CCC}.Release|x86.Build.0 = Release|Any CPU
		{BABC46EC-5F4A-4D77-864E-8FE151160C2B}.Debug|Any CPU.ActiveCfg = Debug|x86
		{BABC46EC-5F4A-4D77-864E-8FE151160C2B}.Debug|Any CPU.Build.0 = Debug|x86
		{BABC46EC-5F4A-4D77-864E-8FE151160C2B}.Debug|Any CPU.Deploy.0 = Debug|x86
		{BABC46EC-5F4A-4D77-864E-8FE151160C2B}.Debug|ARM.ActiveCfg = Debug|ARM
		{BABC46EC-5F4A-4D77-864E-8FE151160C2B}.Debug|ARM.Build.0 = Debug|ARM
		{BABC46EC-5F4A-4D77-864E-8FE151160C2B}.Debug|ARM.Deploy.0 = Debug|ARM
		{BABC46EC-5F4A-4D77-864E-8FE151160C2B}.Debug|x64.ActiveCfg = Debug|x64
		{BABC46EC-5F4A-4D77-864E-8FE151160C2B}.Debug|x64.Build.0 = Debug|x64
		{BABC46EC-5F4A-4D77-864E-8FE151160C2B}.Debug|x64.Deploy.0 = Debug|x64
		{BABC46EC-5F4A-4D77-864E-8FE151160C2B}.Debug|x86.ActiveCfg = Debug|x86
		{BABC46EC-5F4A-4D77-864E-8FE151160C2B}.Debug|x86.Build.0 = Debug|x86
		{BABC46EC-5F4A-4D77-864E-8FE151160C2B}.Debug|x86.Deploy.0 = Debug|x86
		{BABC46EC-5F4A-4D77-864E-8FE151160C2B}.Release|Any CPU.ActiveCfg = Release|x86
		{BABC46EC-5F4A-4D77-864E-8FE151160C2B}.Release|ARM.ActiveCfg = Release|ARM
		{BABC46EC-5F4A-4D77-864E-8FE151160C2B}.Release|ARM.Build.0 = Release|ARM
		{BABC46EC-5F4A-4D77-864E-8FE151160C2B}.Release|ARM.Deploy.0 = Release|ARM
		{BABC46EC-5F4A-4D77-864E-8FE151160C2B}.Release|x64.ActiveCfg = Release|x64
		{BABC46EC-5F4A-4D77-864E-8FE151160C2B}.Release|x64.Build.0 = Release|x64
		{BABC46EC-5F4A-4D77-864E-8FE151160C2B}.Release|x64.Deploy.0 = Release|x64
		{BABC46EC-5F4A-4D77-864E-8FE151160C2B}.Release|x86.ActiveCfg = Release|x86
		{BABC46EC-5F4A-4D77-864E-8FE151160C2B}.Release|x86.Build.0 = Release|x86
		{BABC46EC-5F4A-4D77-864E-8FE151160C2B}.Release|x86.Deploy.0 = Release|x86
		{47AB637F-3D27-4154-ABD9-A89F78DE8B9D}.Debug|Any CPU.ActiveCfg = Debug|Any CPU
		{47AB637F-3D27-4154-ABD9-A89F78DE8B9D}.Debug|Any CPU.Build.0 = Debug|Any CPU
		{47AB637F-3D27-4154-ABD9-A89F78DE8B9D}.Debug|ARM.ActiveCfg = Debug|Any CPU
		{47AB637F-3D27-4154-ABD9-A89F78DE8B9D}.Debug|ARM.Build.0 = Debug|Any CPU
		{47AB637F-3D27-4154-ABD9-A89F78DE8B9D}.Debug|x64.ActiveCfg = Debug|Any CPU
		{47AB637F-3D27-4154-ABD9-A89F78DE8B9D}.Debug|x64.Build.0 = Debug|Any CPU
		{47AB637F-3D27-4154-ABD9-A89F78DE8B9D}.Debug|x86.ActiveCfg = Debug|Any CPU
		{47AB637F-3D27-4154-ABD9-A89F78DE8B9D}.Debug|x86.Build.0 = Debug|Any CPU
		{47AB637F-3D27-4154-ABD9-A89F78DE8B9D}.Release|Any CPU.ActiveCfg = Release|Any CPU
		{47AB637F-3D27-4154-ABD9-A89F78DE8B9D}.Release|Any CPU.Build.0 = Release|Any CPU
		{47AB637F-3D27-4154-ABD9-A89F78DE8B9D}.Release|ARM.ActiveCfg = Release|Any CPU
		{47AB637F-3D27-4154-ABD9-A89F78DE8B9D}.Release|ARM.Build.0 = Release|Any CPU
		{47AB637F-3D27-4154-ABD9-A89F78DE8B9D}.Release|x64.ActiveCfg = Release|Any CPU
		{47AB637F-3D27-4154-ABD9-A89F78DE8B9D}.Release|x64.Build.0 = Release|Any CPU
		{47AB637F-3D27-4154-ABD9-A89F78DE8B9D}.Release|x86.ActiveCfg = Release|Any CPU
		{47AB637F-3D27-4154-ABD9-A89F78DE8B9D}.Release|x86.Build.0 = Release|Any CPU
		{94AB4A7B-EC90-4BD8-9634-407E0BD15E1B}.Debug|Any CPU.ActiveCfg = Debug|Any CPU
		{94AB4A7B-EC90-4BD8-9634-407E0BD15E1B}.Debug|Any CPU.Build.0 = Debug|Any CPU
		{94AB4A7B-EC90-4BD8-9634-407E0BD15E1B}.Debug|ARM.ActiveCfg = Debug|Any CPU
		{94AB4A7B-EC90-4BD8-9634-407E0BD15E1B}.Debug|ARM.Build.0 = Debug|Any CPU
		{94AB4A7B-EC90-4BD8-9634-407E0BD15E1B}.Debug|x64.ActiveCfg = Debug|Any CPU
		{94AB4A7B-EC90-4BD8-9634-407E0BD15E1B}.Debug|x64.Build.0 = Debug|Any CPU
		{94AB4A7B-EC90-4BD8-9634-407E0BD15E1B}.Debug|x86.ActiveCfg = Debug|Any CPU
		{94AB4A7B-EC90-4BD8-9634-407E0BD15E1B}.Debug|x86.Build.0 = Debug|Any CPU
		{94AB4A7B-EC90-4BD8-9634-407E0BD15E1B}.Release|Any CPU.ActiveCfg = Release|Any CPU
		{94AB4A7B-EC90-4BD8-9634-407E0BD15E1B}.Release|Any CPU.Build.0 = Release|Any CPU
		{94AB4A7B-EC90-4BD8-9634-407E0BD15E1B}.Release|ARM.ActiveCfg = Release|Any CPU
		{94AB4A7B-EC90-4BD8-9634-407E0BD15E1B}.Release|ARM.Build.0 = Release|Any CPU
		{94AB4A7B-EC90-4BD8-9634-407E0BD15E1B}.Release|x64.ActiveCfg = Release|Any CPU
		{94AB4A7B-EC90-4BD8-9634-407E0BD15E1B}.Release|x64.Build.0 = Release|Any CPU
		{94AB4A7B-EC90-4BD8-9634-407E0BD15E1B}.Release|x86.ActiveCfg = Release|Any CPU
		{94AB4A7B-EC90-4BD8-9634-407E0BD15E1B}.Release|x86.Build.0 = Release|Any CPU
		{ABED9BB1-81BB-47EE-9825-C489D2870655}.Debug|Any CPU.ActiveCfg = Debug|Any CPU
		{ABED9BB1-81BB-47EE-9825-C489D2870655}.Debug|Any CPU.Build.0 = Debug|Any CPU
		{ABED9BB1-81BB-47EE-9825-C489D2870655}.Debug|ARM.ActiveCfg = Debug|Any CPU
		{ABED9BB1-81BB-47EE-9825-C489D2870655}.Debug|ARM.Build.0 = Debug|Any CPU
		{ABED9BB1-81BB-47EE-9825-C489D2870655}.Debug|x64.ActiveCfg = Debug|Any CPU
		{ABED9BB1-81BB-47EE-9825-C489D2870655}.Debug|x64.Build.0 = Debug|Any CPU
		{ABED9BB1-81BB-47EE-9825-C489D2870655}.Debug|x86.ActiveCfg = Debug|Any CPU
		{ABED9BB1-81BB-47EE-9825-C489D2870655}.Debug|x86.Build.0 = Debug|Any CPU
		{ABED9BB1-81BB-47EE-9825-C489D2870655}.Release|Any CPU.ActiveCfg = Release|Any CPU
		{ABED9BB1-81BB-47EE-9825-C489D2870655}.Release|Any CPU.Build.0 = Release|Any CPU
		{ABED9BB1-81BB-47EE-9825-C489D2870655}.Release|ARM.ActiveCfg = Release|Any CPU
		{ABED9BB1-81BB-47EE-9825-C489D2870655}.Release|ARM.Build.0 = Release|Any CPU
		{ABED9BB1-81BB-47EE-9825-C489D2870655}.Release|x64.ActiveCfg = Release|Any CPU
		{ABED9BB1-81BB-47EE-9825-C489D2870655}.Release|x64.Build.0 = Release|Any CPU
		{ABED9BB1-81BB-47EE-9825-C489D2870655}.Release|x86.ActiveCfg = Release|Any CPU
		{ABED9BB1-81BB-47EE-9825-C489D2870655}.Release|x86.Build.0 = Release|Any CPU
		{3E68E3BA-8697-4BE6-8722-F25256384EF5}.Debug|Any CPU.ActiveCfg = Debug|Any CPU
		{3E68E3BA-8697-4BE6-8722-F25256384EF5}.Debug|Any CPU.Build.0 = Debug|Any CPU
		{3E68E3BA-8697-4BE6-8722-F25256384EF5}.Debug|ARM.ActiveCfg = Debug|Any CPU
		{3E68E3BA-8697-4BE6-8722-F25256384EF5}.Debug|ARM.Build.0 = Debug|Any CPU
		{3E68E3BA-8697-4BE6-8722-F25256384EF5}.Debug|x64.ActiveCfg = Debug|Any CPU
		{3E68E3BA-8697-4BE6-8722-F25256384EF5}.Debug|x64.Build.0 = Debug|Any CPU
		{3E68E3BA-8697-4BE6-8722-F25256384EF5}.Debug|x86.ActiveCfg = Debug|Any CPU
		{3E68E3BA-8697-4BE6-8722-F25256384EF5}.Debug|x86.Build.0 = Debug|Any CPU
		{3E68E3BA-8697-4BE6-8722-F25256384EF5}.Release|Any CPU.ActiveCfg = Release|Any CPU
		{3E68E3BA-8697-4BE6-8722-F25256384EF5}.Release|Any CPU.Build.0 = Release|Any CPU
		{3E68E3BA-8697-4BE6-8722-F25256384EF5}.Release|ARM.ActiveCfg = Release|Any CPU
		{3E68E3BA-8697-4BE6-8722-F25256384EF5}.Release|ARM.Build.0 = Release|Any CPU
		{3E68E3BA-8697-4BE6-8722-F25256384EF5}.Release|x64.ActiveCfg = Release|Any CPU
		{3E68E3BA-8697-4BE6-8722-F25256384EF5}.Release|x64.Build.0 = Release|Any CPU
		{3E68E3BA-8697-4BE6-8722-F25256384EF5}.Release|x86.ActiveCfg = Release|Any CPU
		{3E68E3BA-8697-4BE6-8722-F25256384EF5}.Release|x86.Build.0 = Release|Any CPU
		{20E47F4F-DDB4-4EE5-B199-6F7B8B0F3C5C}.Debug|Any CPU.ActiveCfg = Debug|Any CPU
		{20E47F4F-DDB4-4EE5-B199-6F7B8B0F3C5C}.Debug|Any CPU.Build.0 = Debug|Any CPU
		{20E47F4F-DDB4-4EE5-B199-6F7B8B0F3C5C}.Debug|ARM.ActiveCfg = Debug|Any CPU
		{20E47F4F-DDB4-4EE5-B199-6F7B8B0F3C5C}.Debug|ARM.Build.0 = Debug|Any CPU
		{20E47F4F-DDB4-4EE5-B199-6F7B8B0F3C5C}.Debug|x64.ActiveCfg = Debug|Any CPU
		{20E47F4F-DDB4-4EE5-B199-6F7B8B0F3C5C}.Debug|x64.Build.0 = Debug|Any CPU
		{20E47F4F-DDB4-4EE5-B199-6F7B8B0F3C5C}.Debug|x86.ActiveCfg = Debug|Any CPU
		{20E47F4F-DDB4-4EE5-B199-6F7B8B0F3C5C}.Debug|x86.Build.0 = Debug|Any CPU
		{20E47F4F-DDB4-4EE5-B199-6F7B8B0F3C5C}.Release|Any CPU.ActiveCfg = Release|Any CPU
		{20E47F4F-DDB4-4EE5-B199-6F7B8B0F3C5C}.Release|Any CPU.Build.0 = Release|Any CPU
		{20E47F4F-DDB4-4EE5-B199-6F7B8B0F3C5C}.Release|ARM.ActiveCfg = Release|Any CPU
		{20E47F4F-DDB4-4EE5-B199-6F7B8B0F3C5C}.Release|ARM.Build.0 = Release|Any CPU
		{20E47F4F-DDB4-4EE5-B199-6F7B8B0F3C5C}.Release|x64.ActiveCfg = Release|Any CPU
		{20E47F4F-DDB4-4EE5-B199-6F7B8B0F3C5C}.Release|x64.Build.0 = Release|Any CPU
		{20E47F4F-DDB4-4EE5-B199-6F7B8B0F3C5C}.Release|x86.ActiveCfg = Release|Any CPU
		{20E47F4F-DDB4-4EE5-B199-6F7B8B0F3C5C}.Release|x86.Build.0 = Release|Any CPU
	EndGlobalSection
	GlobalSection(SolutionProperties) = preSolution
		HideSolutionNode = FALSE
	EndGlobalSection
	GlobalSection(ExtensibilityGlobals) = postSolution
		SolutionGuid = {9DFC3777-12AF-4CB5-9565-811E8D33312A}
	EndGlobalSection
EndGlobal
