
Microsoft Visual Studio Solution File, Format Version 12.00
# Visual Studio 14
VisualStudioVersion = 14.0.25420.1
MinimumVisualStudioVersion = 10.0.40219.1
Project("{FAE04EC0-301F-11D3-BF4B-00C04F79EFBC}") = "MainGame", "MainGame\MainGame.csproj", "{F9047A69-93A4-4408-BD57-207CDF294818}"
EndProject
Project("{FAE04EC0-301F-11D3-BF4B-00C04F79EFBC}") = "VectorMath", "VectorMath\VectorMath.csproj", "{E28A40E7-8894-4524-B748-8F89E8014E30}"
EndProject
Project("{FAE04EC0-301F-11D3-BF4B-00C04F79EFBC}") = "HubSceene", "..\HubSceene\HubSceene.csproj", "{B6E0C030-09D0-453A-8229-851A2D3D4776}"
EndProject
Project("{FAE04EC0-301F-11D3-BF4B-00C04F79EFBC}") = "Contracts", "Contracts\Contracts.csproj", "{1B4E6F20-64F7-4912-BF4A-4CCDF2420CCC}"
EndProject
Global
	GlobalSection(SolutionConfigurationPlatforms) = preSolution
		Debug|Any CPU = Debug|Any CPU
		Debug|ARM = Debug|ARM
		Debug|x64 = Debug|x64
		Debug|x86 = Debug|x86
		Release|Any CPU = Release|Any CPU
		Release|ARM = Release|ARM
		Release|x64 = Release|x64
		Release|x86 = Release|x86
	EndGlobalSection
	GlobalSection(ProjectConfigurationPlatforms) = postSolution
		{F9047A69-93A4-4408-BD57-207CDF294818}.Debug|Any CPU.ActiveCfg = Debug|x86
		{F9047A69-93A4-4408-BD57-207CDF294818}.Debug|Any CPU.Build.0 = Debug|x86
		{F9047A69-93A4-4408-BD57-207CDF294818}.Debug|Any CPU.Deploy.0 = Debug|x86
		{F9047A69-93A4-4408-BD57-207CDF294818}.Debug|ARM.ActiveCfg = Debug|ARM
		{F9047A69-93A4-4408-BD57-207CDF294818}.Debug|ARM.Build.0 = Debug|ARM
		{F9047A69-93A4-4408-BD57-207CDF294818}.Debug|ARM.Deploy.0 = Debug|ARM
		{F9047A69-93A4-4408-BD57-207CDF294818}.Debug|x64.ActiveCfg = Debug|x64
		{F9047A69-93A4-4408-BD57-207CDF294818}.Debug|x64.Build.0 = Debug|x64
		{F9047A69-93A4-4408-BD57-207CDF294818}.Debug|x64.Deploy.0 = Debug|x64
		{F9047A69-93A4-4408-BD57-207CDF294818}.Debug|x86.ActiveCfg = Debug|x86
		{F9047A69-93A4-4408-BD57-207CDF294818}.Debug|x86.Build.0 = Debug|x86
		{F9047A69-93A4-4408-BD57-207CDF294818}.Debug|x86.Deploy.0 = Debug|x86
		{F9047A69-93A4-4408-BD57-207CDF294818}.Release|Any CPU.ActiveCfg = Release|x86
		{F9047A69-93A4-4408-BD57-207CDF294818}.Release|ARM.ActiveCfg = Release|ARM
		{F9047A69-93A4-4408-BD57-207CDF294818}.Release|ARM.Build.0 = Release|ARM
		{F9047A69-93A4-4408-BD57-207CDF294818}.Release|ARM.Deploy.0 = Release|ARM
		{F9047A69-93A4-4408-BD57-207CDF294818}.Release|x64.ActiveCfg = Release|x64
		{F9047A69-93A4-4408-BD57-207CDF294818}.Release|x64.Build.0 = Release|x64
		{F9047A69-93A4-4408-BD57-207CDF294818}.Release|x64.Deploy.0 = Release|x64
		{F9047A69-93A4-4408-BD57-207CDF294818}.Release|x86.ActiveCfg = Release|x86
		{F9047A69-93A4-4408-BD57-207CDF294818}.Release|x86.Build.0 = Release|x86
		{F9047A69-93A4-4408-BD57-207CDF294818}.Release|x86.Deploy.0 = Release|x86
		{E28A40E7-8894-4524-B748-8F89E8014E30}.Debug|Any CPU.ActiveCfg = Debug|Any CPU
		{E28A40E7-8894-4524-B748-8F89E8014E30}.Debug|Any CPU.Build.0 = Debug|Any CPU
		{E28A40E7-8894-4524-B748-8F89E8014E30}.Debug|ARM.ActiveCfg = Debug|Any CPU
		{E28A40E7-8894-4524-B748-8F89E8014E30}.Debug|ARM.Build.0 = Debug|Any CPU
		{E28A40E7-8894-4524-B748-8F89E8014E30}.Debug|x64.ActiveCfg = Debug|Any CPU
		{E28A40E7-8894-4524-B748-8F89E8014E30}.Debug|x64.Build.0 = Debug|Any CPU
		{E28A40E7-8894-4524-B748-8F89E8014E30}.Debug|x86.ActiveCfg = Debug|Any CPU
		{E28A40E7-8894-4524-B748-8F89E8014E30}.Debug|x86.Build.0 = Debug|Any CPU
		{E28A40E7-8894-4524-B748-8F89E8014E30}.Release|Any CPU.ActiveCfg = Release|Any CPU
		{E28A40E7-8894-4524-B748-8F89E8014E30}.Release|Any CPU.Build.0 = Release|Any CPU
		{E28A40E7-8894-4524-B748-8F89E8014E30}.Release|ARM.ActiveCfg = Release|Any CPU
		{E28A40E7-8894-4524-B748-8F89E8014E30}.Release|ARM.Build.0 = Release|Any CPU
		{E28A40E7-8894-4524-B748-8F89E8014E30}.Release|x64.ActiveCfg = Release|Any CPU
		{E28A40E7-8894-4524-B748-8F89E8014E30}.Release|x64.Build.0 = Release|Any CPU
		{E28A40E7-8894-4524-B748-8F89E8014E30}.Release|x86.ActiveCfg = Release|Any CPU
		{E28A40E7-8894-4524-B748-8F89E8014E30}.Release|x86.Build.0 = Release|Any CPU
		{B6E0C030-09D0-453A-8229-851A2D3D4776}.Debug|Any CPU.ActiveCfg = Debug|Any CPU
		{B6E0C030-09D0-453A-8229-851A2D3D4776}.Debug|Any CPU.Build.0 = Debug|Any CPU
		{B6E0C030-09D0-453A-8229-851A2D3D4776}.Debug|ARM.ActiveCfg = Debug|Any CPU
		{B6E0C030-09D0-453A-8229-851A2D3D4776}.Debug|ARM.Build.0 = Debug|Any CPU
		{B6E0C030-09D0-453A-8229-851A2D3D4776}.Debug|x64.ActiveCfg = Debug|Any CPU
		{B6E0C030-09D0-453A-8229-851A2D3D4776}.Debug|x64.Build.0 = Debug|Any CPU
		{B6E0C030-09D0-453A-8229-851A2D3D4776}.Debug|x86.ActiveCfg = Debug|Any CPU
		{B6E0C030-09D0-453A-8229-851A2D3D4776}.Debug|x86.Build.0 = Debug|Any CPU
		{B6E0C030-09D0-453A-8229-851A2D3D4776}.Release|Any CPU.ActiveCfg = Release|Any CPU
		{B6E0C030-09D0-453A-8229-851A2D3D4776}.Release|Any CPU.Build.0 = Release|Any CPU
		{B6E0C030-09D0-453A-8229-851A2D3D4776}.Release|ARM.ActiveCfg = Release|Any CPU
		{B6E0C030-09D0-453A-8229-851A2D3D4776}.Release|ARM.Build.0 = Release|Any CPU
		{B6E0C030-09D0-453A-8229-851A2D3D4776}.Release|x64.ActiveCfg = Release|Any CPU
		{B6E0C030-09D0-453A-8229-851A2D3D4776}.Release|x64.Build.0 = Release|Any CPU
		{B6E0C030-09D0-453A-8229-851A2D3D4776}.Release|x86.ActiveCfg = Release|Any CPU
		{B6E0C030-09D0-453A-8229-851A2D3D4776}.Release|x86.Build.0 = Release|Any CPU
		{1B4E6F20-64F7-4912-BF4A-4CCDF2420CCC}.Debug|Any CPU.ActiveCfg = Debug|Any CPU
		{1B4E6F20-64F7-4912-BF4A-4CCDF2420CCC}.Debug|Any CPU.Build.0 = Debug|Any CPU
		{1B4E6F20-64F7-4912-BF4A-4CCDF2420CCC}.Debug|ARM.ActiveCfg = Debug|Any CPU
		{1B4E6F20-64F7-4912-BF4A-4CCDF2420CCC}.Debug|ARM.Build.0 = Debug|Any CPU
		{1B4E6F20-64F7-4912-BF4A-4CCDF2420CCC}.Debug|x64.ActiveCfg = Debug|Any CPU
		{1B4E6F20-64F7-4912-BF4A-4CCDF2420CCC}.Debug|x64.Build.0 = Debug|Any CPU
		{1B4E6F20-64F7-4912-BF4A-4CCDF2420CCC}.Debug|x86.ActiveCfg = Debug|Any CPU
		{1B4E6F20-64F7-4912-BF4A-4CCDF2420CCC}.Debug|x86.Build.0 = Debug|Any CPU
		{1B4E6F20-64F7-4912-BF4A-4CCDF2420CCC}.Release|Any CPU.ActiveCfg = Release|Any CPU
		{1B4E6F20-64F7-4912-BF4A-4CCDF2420CCC}.Release|Any CPU.Build.0 = Release|Any CPU
		{1B4E6F20-64F7-4912-BF4A-4CCDF2420CCC}.Release|ARM.ActiveCfg = Release|Any CPU
		{1B4E6F20-64F7-4912-BF4A-4CCDF2420CCC}.Release|ARM.Build.0 = Release|Any CPU
		{1B4E6F20-64F7-4912-BF4A-4CCDF2420CCC}.Release|x64.ActiveCfg = Release|Any CPU
		{1B4E6F20-64F7-4912-BF4A-4CCDF2420CCC}.Release|x64.Build.0 = Release|Any CPU
		{1B4E6F20-64F7-4912-BF4A-4CCDF2420CCC}.Release|x86.ActiveCfg = Release|Any CPU
		{1B4E6F20-64F7-4912-BF4A-4CCDF2420CCC}.Release|x86.Build.0 = Release|Any CPU
	EndGlobalSection
	GlobalSection(SolutionProperties) = preSolution
		HideSolutionNode = FALSE
	EndGlobalSection
EndGlobal
